
Microsoft Visual Studio Solution File, Format Version 12.00
# Visual Studio Version 16
VisualStudioVersion = 16.0.30114.105
MinimumVisualStudioVersion = 10.0.40219.1
Project("{FAE04EC0-301F-11D3-BF4B-00C04F79EFBC}") = "SilK.OpenMod.UserData.MySql", "SilK.OpenMod.UserData.MySql\SilK.OpenMod.UserData.MySql.csproj", "{302961C4-FFCA-419D-8FBE-E8F09D75300E}"
EndProject
Global
	GlobalSection(SolutionConfigurationPlatforms) = preSolution
		Debug|Any CPU = Debug|Any CPU
		Release|Any CPU = Release|Any CPU
	EndGlobalSection
	GlobalSection(SolutionProperties) = preSolution
		HideSolutionNode = FALSE
	EndGlobalSection
	GlobalSection(ProjectConfigurationPlatforms) = postSolution
		{302961C4-FFCA-419D-8FBE-E8F09D75300E}.Debug|Any CPU.ActiveCfg = Debug|Any CPU
		{302961C4-FFCA-419D-8FBE-E8F09D75300E}.Debug|Any CPU.Build.0 = Debug|Any CPU
		{302961C4-FFCA-419D-8FBE-E8F09D75300E}.Release|Any CPU.ActiveCfg = Release|Any CPU
		{302961C4-FFCA-419D-8FBE-E8F09D75300E}.Release|Any CPU.Build.0 = Release|Any CPU
	EndGlobalSection
EndGlobal
